// !$*UTF8*$!
{
	archiveVersion = 1;
	classes = {
	};
	objectVersion = 48;
	objects = {

/* Begin PBXBuildFile section */
		1617DF941FB39EEB0094C474 /* ApiHelper.swift in Sources */ = {isa = PBXBuildFile; fileRef = 1617DF931FB39EEB0094C474 /* ApiHelper.swift */; };
		16256EE51FBB827A00992B02 /* ChoirResourceInfoTableViewCell.swift in Sources */ = {isa = PBXBuildFile; fileRef = 16256EE41FBB827A00992B02 /* ChoirResourceInfoTableViewCell.swift */; };
		162D98081FA65CD3006068BC /* AppDelegate.swift in Sources */ = {isa = PBXBuildFile; fileRef = 162D98071FA65CD3006068BC /* AppDelegate.swift */; };
		162D980F1FA65CD3006068BC /* Assets.xcassets in Resources */ = {isa = PBXBuildFile; fileRef = 162D980E1FA65CD3006068BC /* Assets.xcassets */; };
		162D98121FA65CD3006068BC /* LaunchScreen.storyboard in Resources */ = {isa = PBXBuildFile; fileRef = 162D98101FA65CD3006068BC /* LaunchScreen.storyboard */; };
		162D981D1FA65CD3006068BC /* SingWellTests.swift in Sources */ = {isa = PBXBuildFile; fileRef = 162D981C1FA65CD3006068BC /* SingWellTests.swift */; };
		162D98281FA65CD3006068BC /* SingWellUITests.swift in Sources */ = {isa = PBXBuildFile; fileRef = 162D98271FA65CD3006068BC /* SingWellUITests.swift */; };
		162D98371FA65D09006068BC /* Extensions.swift in Sources */ = {isa = PBXBuildFile; fileRef = 162D98361FA65D09006068BC /* Extensions.swift */; };
		1652FDAD1FB5016F00D921EB /* ChoirTableViewController.swift in Sources */ = {isa = PBXBuildFile; fileRef = 1652FDAC1FB5016F00D921EB /* ChoirTableViewController.swift */; };
		1652FDAF1FB5018000D921EB /* Choir.storyboard in Resources */ = {isa = PBXBuildFile; fileRef = 1652FDAE1FB5018000D921EB /* Choir.storyboard */; };
		1652FDB11FB502D200D921EB /* HostViewController.swift in Sources */ = {isa = PBXBuildFile; fileRef = 1652FDB01FB502D200D921EB /* HostViewController.swift */; };
		1652FDB31FB5039400D921EB /* NavigationMenuViewController.swift in Sources */ = {isa = PBXBuildFile; fileRef = 1652FDB21FB5039400D921EB /* NavigationMenuViewController.swift */; };
		1652FDB51FB5041600D921EB /* SideMenu.storyboard in Resources */ = {isa = PBXBuildFile; fileRef = 1652FDB41FB5041600D921EB /* SideMenu.storyboard */; };
		16D2CFA01FBE423500FDFF4D /* ProfileTableViewCell.swift in Sources */ = {isa = PBXBuildFile; fileRef = 16D2CF9F1FBE423500FDFF4D /* ProfileTableViewCell.swift */; };
		16D2CFA21FBE424300FDFF4D /* ChoirNameTableViewCell.swift in Sources */ = {isa = PBXBuildFile; fileRef = 16D2CFA11FBE424300FDFF4D /* ChoirNameTableViewCell.swift */; };
		16E211921FC35122009969B1 /* ChoirInfoTableViewCell.swift in Sources */ = {isa = PBXBuildFile; fileRef = 16E211911FC35122009969B1 /* ChoirInfoTableViewCell.swift */; };
		16E211951FC35C5F009969B1 /* NotificationsTableViewController.swift in Sources */ = {isa = PBXBuildFile; fileRef = 16E211941FC35C5F009969B1 /* NotificationsTableViewController.swift */; };
		16E211971FC35C6B009969B1 /* Notifications.storyboard in Resources */ = {isa = PBXBuildFile; fileRef = 16E211961FC35C6B009969B1 /* Notifications.storyboard */; };
		16E2119A1FC35DD7009969B1 /* RosterTableViewController.swift in Sources */ = {isa = PBXBuildFile; fileRef = 16E211991FC35DD7009969B1 /* RosterTableViewController.swift */; };
		16E2119C1FC35DDF009969B1 /* Roster.storyboard in Resources */ = {isa = PBXBuildFile; fileRef = 16E2119B1FC35DDF009969B1 /* Roster.storyboard */; };
		16E2119F1FC35DFB009969B1 /* CalendarViewController.swift in Sources */ = {isa = PBXBuildFile; fileRef = 16E2119E1FC35DFB009969B1 /* CalendarViewController.swift */; };
		16E211A11FC35E06009969B1 /* Calendar.storyboard in Resources */ = {isa = PBXBuildFile; fileRef = 16E211A01FC35E06009969B1 /* Calendar.storyboard */; };
		521BCF2D1FB3A472000662F7 /* ProfileViewController.swift in Sources */ = {isa = PBXBuildFile; fileRef = 521BCF2C1FB3A472000662F7 /* ProfileViewController.swift */; };
		521BCF2F1FB3A48A000662F7 /* Profile.storyboard in Resources */ = {isa = PBXBuildFile; fileRef = 521BCF2E1FB3A48A000662F7 /* Profile.storyboard */; };
		52218E171FB50C0400EC4DDA /* UIImageExtension.swift in Sources */ = {isa = PBXBuildFile; fileRef = 52218E161FB50C0400EC4DDA /* UIImageExtension.swift */; };
		525EF4B71FC3A4BB00C8E822 /* EditProfileViewController.swift in Sources */ = {isa = PBXBuildFile; fileRef = 525EF4B61FC3A4BB00C8E822 /* EditProfileViewController.swift */; };
		525EF4B91FC3A4C600C8E822 /* EditProfile.storyboard in Resources */ = {isa = PBXBuildFile; fileRef = 525EF4B81FC3A4C600C8E822 /* EditProfile.storyboard */; };
		86F76E547079493C7DAADA22 /* Pods_SingWellTests.framework in Frameworks */ = {isa = PBXBuildFile; fileRef = DD5B7BEEE8800BC4F7098CCD /* Pods_SingWellTests.framework */; };
		D0B4A43E772600F9DCBBBBEF /* Pods_SingWellUITests.framework in Frameworks */ = {isa = PBXBuildFile; fileRef = 56D8462546CB3640CFED1D64 /* Pods_SingWellUITests.framework */; };
		DC314C3CF81F0D65E4D3B09F /* Pods_SingWell.framework in Frameworks */ = {isa = PBXBuildFile; fileRef = ED9A2CC9F02AA47F953461F6 /* Pods_SingWell.framework */; };
/* End PBXBuildFile section */

/* Begin PBXContainerItemProxy section */
		162D98191FA65CD3006068BC /* PBXContainerItemProxy */ = {
			isa = PBXContainerItemProxy;
			containerPortal = 162D97FC1FA65CD3006068BC /* Project object */;
			proxyType = 1;
			remoteGlobalIDString = 162D98031FA65CD3006068BC;
			remoteInfo = SingWell;
		};
		162D98241FA65CD3006068BC /* PBXContainerItemProxy */ = {
			isa = PBXContainerItemProxy;
			containerPortal = 162D97FC1FA65CD3006068BC /* Project object */;
			proxyType = 1;
			remoteGlobalIDString = 162D98031FA65CD3006068BC;
			remoteInfo = SingWell;
		};
/* End PBXContainerItemProxy section */

/* Begin PBXFileReference section */
		091858B7E57F4BDBB305B7A9 /* Pods-SingWellUITests.release.xcconfig */ = {isa = PBXFileReference; includeInIndex = 1; lastKnownFileType = text.xcconfig; name = "Pods-SingWellUITests.release.xcconfig"; path = "Pods/Target Support Files/Pods-SingWellUITests/Pods-SingWellUITests.release.xcconfig"; sourceTree = "<group>"; };
		1617DF931FB39EEB0094C474 /* ApiHelper.swift */ = {isa = PBXFileReference; lastKnownFileType = sourcecode.swift; path = ApiHelper.swift; sourceTree = "<group>"; };
		16256EE41FBB827A00992B02 /* ChoirResourceInfoTableViewCell.swift */ = {isa = PBXFileReference; lastKnownFileType = sourcecode.swift; path = ChoirResourceInfoTableViewCell.swift; sourceTree = "<group>"; };
		162D98041FA65CD3006068BC /* SingWell.app */ = {isa = PBXFileReference; explicitFileType = wrapper.application; includeInIndex = 0; path = SingWell.app; sourceTree = BUILT_PRODUCTS_DIR; };
		162D98071FA65CD3006068BC /* AppDelegate.swift */ = {isa = PBXFileReference; lastKnownFileType = sourcecode.swift; path = AppDelegate.swift; sourceTree = "<group>"; };
		162D980E1FA65CD3006068BC /* Assets.xcassets */ = {isa = PBXFileReference; lastKnownFileType = folder.assetcatalog; path = Assets.xcassets; sourceTree = "<group>"; };
		162D98111FA65CD3006068BC /* Base */ = {isa = PBXFileReference; lastKnownFileType = file.storyboard; name = Base; path = Base.lproj/LaunchScreen.storyboard; sourceTree = "<group>"; };
		162D98131FA65CD3006068BC /* Info.plist */ = {isa = PBXFileReference; lastKnownFileType = text.plist.xml; path = Info.plist; sourceTree = "<group>"; };
		162D98181FA65CD3006068BC /* SingWellTests.xctest */ = {isa = PBXFileReference; explicitFileType = wrapper.cfbundle; includeInIndex = 0; path = SingWellTests.xctest; sourceTree = BUILT_PRODUCTS_DIR; };
		162D981C1FA65CD3006068BC /* SingWellTests.swift */ = {isa = PBXFileReference; lastKnownFileType = sourcecode.swift; path = SingWellTests.swift; sourceTree = "<group>"; };
		162D981E1FA65CD3006068BC /* Info.plist */ = {isa = PBXFileReference; lastKnownFileType = text.plist.xml; path = Info.plist; sourceTree = "<group>"; };
		162D98231FA65CD3006068BC /* SingWellUITests.xctest */ = {isa = PBXFileReference; explicitFileType = wrapper.cfbundle; includeInIndex = 0; path = SingWellUITests.xctest; sourceTree = BUILT_PRODUCTS_DIR; };
		162D98271FA65CD3006068BC /* SingWellUITests.swift */ = {isa = PBXFileReference; lastKnownFileType = sourcecode.swift; path = SingWellUITests.swift; sourceTree = "<group>"; };
		162D98291FA65CD3006068BC /* Info.plist */ = {isa = PBXFileReference; lastKnownFileType = text.plist.xml; path = Info.plist; sourceTree = "<group>"; };
		162D98361FA65D09006068BC /* Extensions.swift */ = {isa = PBXFileReference; lastKnownFileType = sourcecode.swift; path = Extensions.swift; sourceTree = "<group>"; };
		1652FDAC1FB5016F00D921EB /* ChoirTableViewController.swift */ = {isa = PBXFileReference; lastKnownFileType = sourcecode.swift; path = ChoirTableViewController.swift; sourceTree = "<group>"; };
		1652FDAE1FB5018000D921EB /* Choir.storyboard */ = {isa = PBXFileReference; lastKnownFileType = file.storyboard; path = Choir.storyboard; sourceTree = "<group>"; };
		1652FDB01FB502D200D921EB /* HostViewController.swift */ = {isa = PBXFileReference; lastKnownFileType = sourcecode.swift; path = HostViewController.swift; sourceTree = "<group>"; };
		1652FDB21FB5039400D921EB /* NavigationMenuViewController.swift */ = {isa = PBXFileReference; lastKnownFileType = sourcecode.swift; path = NavigationMenuViewController.swift; sourceTree = "<group>"; };
		1652FDB41FB5041600D921EB /* SideMenu.storyboard */ = {isa = PBXFileReference; lastKnownFileType = file.storyboard; path = SideMenu.storyboard; sourceTree = "<group>"; };
		16D2CF9F1FBE423500FDFF4D /* ProfileTableViewCell.swift */ = {isa = PBXFileReference; lastKnownFileType = sourcecode.swift; path = ProfileTableViewCell.swift; sourceTree = "<group>"; };
		16D2CFA11FBE424300FDFF4D /* ChoirNameTableViewCell.swift */ = {isa = PBXFileReference; lastKnownFileType = sourcecode.swift; path = ChoirNameTableViewCell.swift; sourceTree = "<group>"; };
		16E211911FC35122009969B1 /* ChoirInfoTableViewCell.swift */ = {isa = PBXFileReference; lastKnownFileType = sourcecode.swift; path = ChoirInfoTableViewCell.swift; sourceTree = "<group>"; };
		16E211941FC35C5F009969B1 /* NotificationsTableViewController.swift */ = {isa = PBXFileReference; lastKnownFileType = sourcecode.swift; path = NotificationsTableViewController.swift; sourceTree = "<group>"; };
		16E211961FC35C6B009969B1 /* Notifications.storyboard */ = {isa = PBXFileReference; lastKnownFileType = file.storyboard; path = Notifications.storyboard; sourceTree = "<group>"; };
		16E211991FC35DD7009969B1 /* RosterTableViewController.swift */ = {isa = PBXFileReference; lastKnownFileType = sourcecode.swift; path = RosterTableViewController.swift; sourceTree = "<group>"; };
		16E2119B1FC35DDF009969B1 /* Roster.storyboard */ = {isa = PBXFileReference; lastKnownFileType = file.storyboard; path = Roster.storyboard; sourceTree = "<group>"; };
		16E2119E1FC35DFB009969B1 /* CalendarViewController.swift */ = {isa = PBXFileReference; lastKnownFileType = sourcecode.swift; path = CalendarViewController.swift; sourceTree = "<group>"; };
		16E211A01FC35E06009969B1 /* Calendar.storyboard */ = {isa = PBXFileReference; lastKnownFileType = file.storyboard; path = Calendar.storyboard; sourceTree = "<group>"; };
		2CF3257DBA9274E82C0A0B81 /* Pods-SingWellTests.debug.xcconfig */ = {isa = PBXFileReference; includeInIndex = 1; lastKnownFileType = text.xcconfig; name = "Pods-SingWellTests.debug.xcconfig"; path = "Pods/Target Support Files/Pods-SingWellTests/Pods-SingWellTests.debug.xcconfig"; sourceTree = "<group>"; };
		521BCF2C1FB3A472000662F7 /* ProfileViewController.swift */ = {isa = PBXFileReference; lastKnownFileType = sourcecode.swift; path = ProfileViewController.swift; sourceTree = "<group>"; };
		521BCF2E1FB3A48A000662F7 /* Profile.storyboard */ = {isa = PBXFileReference; lastKnownFileType = file.storyboard; path = Profile.storyboard; sourceTree = "<group>"; };
		52218E161FB50C0400EC4DDA /* UIImageExtension.swift */ = {isa = PBXFileReference; lastKnownFileType = sourcecode.swift; path = UIImageExtension.swift; sourceTree = "<group>"; };
		525EF4B61FC3A4BB00C8E822 /* EditProfileViewController.swift */ = {isa = PBXFileReference; lastKnownFileType = sourcecode.swift; path = EditProfileViewController.swift; sourceTree = "<group>"; };
		525EF4B81FC3A4C600C8E822 /* EditProfile.storyboard */ = {isa = PBXFileReference; lastKnownFileType = file.storyboard; path = EditProfile.storyboard; sourceTree = "<group>"; };
		56D8462546CB3640CFED1D64 /* Pods_SingWellUITests.framework */ = {isa = PBXFileReference; explicitFileType = wrapper.framework; includeInIndex = 0; path = Pods_SingWellUITests.framework; sourceTree = BUILT_PRODUCTS_DIR; };
		7A89585724F70104CBA47295 /* Pods-SingWell.debug.xcconfig */ = {isa = PBXFileReference; includeInIndex = 1; lastKnownFileType = text.xcconfig; name = "Pods-SingWell.debug.xcconfig"; path = "Pods/Target Support Files/Pods-SingWell/Pods-SingWell.debug.xcconfig"; sourceTree = "<group>"; };
		BAD46F51B65E4DD47A9291FB /* Pods-SingWellTests.release.xcconfig */ = {isa = PBXFileReference; includeInIndex = 1; lastKnownFileType = text.xcconfig; name = "Pods-SingWellTests.release.xcconfig"; path = "Pods/Target Support Files/Pods-SingWellTests/Pods-SingWellTests.release.xcconfig"; sourceTree = "<group>"; };
		D53354B5C6F94981027EC9A6 /* Pods-SingWellUITests.debug.xcconfig */ = {isa = PBXFileReference; includeInIndex = 1; lastKnownFileType = text.xcconfig; name = "Pods-SingWellUITests.debug.xcconfig"; path = "Pods/Target Support Files/Pods-SingWellUITests/Pods-SingWellUITests.debug.xcconfig"; sourceTree = "<group>"; };
		DD5B7BEEE8800BC4F7098CCD /* Pods_SingWellTests.framework */ = {isa = PBXFileReference; explicitFileType = wrapper.framework; includeInIndex = 0; path = Pods_SingWellTests.framework; sourceTree = BUILT_PRODUCTS_DIR; };
		E2A8DF318F1B2398F5F35CF7 /* Pods-SingWell.release.xcconfig */ = {isa = PBXFileReference; includeInIndex = 1; lastKnownFileType = text.xcconfig; name = "Pods-SingWell.release.xcconfig"; path = "Pods/Target Support Files/Pods-SingWell/Pods-SingWell.release.xcconfig"; sourceTree = "<group>"; };
		ED9A2CC9F02AA47F953461F6 /* Pods_SingWell.framework */ = {isa = PBXFileReference; explicitFileType = wrapper.framework; includeInIndex = 0; path = Pods_SingWell.framework; sourceTree = BUILT_PRODUCTS_DIR; };
/* End PBXFileReference section */

/* Begin PBXFrameworksBuildPhase section */
		162D98011FA65CD3006068BC /* Frameworks */ = {
			isa = PBXFrameworksBuildPhase;
			buildActionMask = 2147483647;
			files = (
				DC314C3CF81F0D65E4D3B09F /* Pods_SingWell.framework in Frameworks */,
			);
			runOnlyForDeploymentPostprocessing = 0;
		};
		162D98151FA65CD3006068BC /* Frameworks */ = {
			isa = PBXFrameworksBuildPhase;
			buildActionMask = 2147483647;
			files = (
				86F76E547079493C7DAADA22 /* Pods_SingWellTests.framework in Frameworks */,
			);
			runOnlyForDeploymentPostprocessing = 0;
		};
		162D98201FA65CD3006068BC /* Frameworks */ = {
			isa = PBXFrameworksBuildPhase;
			buildActionMask = 2147483647;
			files = (
				D0B4A43E772600F9DCBBBBEF /* Pods_SingWellUITests.framework in Frameworks */,
			);
			runOnlyForDeploymentPostprocessing = 0;
		};
/* End PBXFrameworksBuildPhase section */

/* Begin PBXGroup section */
		162D97FB1FA65CD3006068BC = {
			isa = PBXGroup;
			children = (
				162D98061FA65CD3006068BC /* SingWell */,
				162D981B1FA65CD3006068BC /* SingWellTests */,
				162D98261FA65CD3006068BC /* SingWellUITests */,
				162D98051FA65CD3006068BC /* Products */,
				4D889C1DFD7AF5499E1B4903 /* Pods */,
				1FCB8BA79C196CB62C7A05A4 /* Frameworks */,
			);
			sourceTree = "<group>";
		};
		162D98051FA65CD3006068BC /* Products */ = {
			isa = PBXGroup;
			children = (
				162D98041FA65CD3006068BC /* SingWell.app */,
				162D98181FA65CD3006068BC /* SingWellTests.xctest */,
				162D98231FA65CD3006068BC /* SingWellUITests.xctest */,
			);
			name = Products;
			sourceTree = "<group>";
		};
		162D98061FA65CD3006068BC /* SingWell */ = {
			isa = PBXGroup;
			children = (
				162D98071FA65CD3006068BC /* AppDelegate.swift */,
				1652FDAA1FB500FB00D921EB /* SideMenu */,
				162D98351FA65CF6006068BC /* Resources */,
				162D98381FA65D2E006068BC /* ViewControllers */,
				162D980E1FA65CD3006068BC /* Assets.xcassets */,
				162D98101FA65CD3006068BC /* LaunchScreen.storyboard */,
				162D98131FA65CD3006068BC /* Info.plist */,
			);
			path = SingWell;
			sourceTree = "<group>";
		};
		162D981B1FA65CD3006068BC /* SingWellTests */ = {
			isa = PBXGroup;
			children = (
				162D981C1FA65CD3006068BC /* SingWellTests.swift */,
				162D981E1FA65CD3006068BC /* Info.plist */,
			);
			path = SingWellTests;
			sourceTree = "<group>";
		};
		162D98261FA65CD3006068BC /* SingWellUITests */ = {
			isa = PBXGroup;
			children = (
				162D98271FA65CD3006068BC /* SingWellUITests.swift */,
				162D98291FA65CD3006068BC /* Info.plist */,
			);
			path = SingWellUITests;
			sourceTree = "<group>";
		};
		162D98351FA65CF6006068BC /* Resources */ = {
			isa = PBXGroup;
			children = (
				1617DF931FB39EEB0094C474 /* ApiHelper.swift */,
				162D98361FA65D09006068BC /* Extensions.swift */,
			);
			path = Resources;
			sourceTree = "<group>";
		};
		162D98381FA65D2E006068BC /* ViewControllers */ = {
			isa = PBXGroup;
			children = (
				525EF4B51FC3A49C00C8E822 /* EditProfileViewController */,
				16E2119D1FC35DE5009969B1 /* CalendarViewController */,
				1652FDAB1FB5012300D921EB /* ChoirViewController */,
				16E211931FC35C3B009969B1 /* NotificationsViewController */,
				521BCF2B1FB3A44A000662F7 /* ProfileViewController */,
				16E211981FC35DC5009969B1 /* RosterViewController */,
			);
			path = ViewControllers;
			sourceTree = "<group>";
		};
		1652FDAA1FB500FB00D921EB /* SideMenu */ = {
			isa = PBXGroup;
			children = (
				1652FDB01FB502D200D921EB /* HostViewController.swift */,
				1652FDB21FB5039400D921EB /* NavigationMenuViewController.swift */,
				1652FDB41FB5041600D921EB /* SideMenu.storyboard */,
				16D2CF9F1FBE423500FDFF4D /* ProfileTableViewCell.swift */,
				16D2CFA11FBE424300FDFF4D /* ChoirNameTableViewCell.swift */,
			);
			path = SideMenu;
			sourceTree = "<group>";
		};
		1652FDAB1FB5012300D921EB /* ChoirViewController */ = {
			isa = PBXGroup;
			children = (
				1652FDAC1FB5016F00D921EB /* ChoirTableViewController.swift */,
				1652FDAE1FB5018000D921EB /* Choir.storyboard */,
				16256EE41FBB827A00992B02 /* ChoirResourceInfoTableViewCell.swift */,
				16E211911FC35122009969B1 /* ChoirInfoTableViewCell.swift */,
			);
			path = ChoirViewController;
			sourceTree = "<group>";
		};
		16E211931FC35C3B009969B1 /* NotificationsViewController */ = {
			isa = PBXGroup;
			children = (
				16E211941FC35C5F009969B1 /* NotificationsTableViewController.swift */,
				16E211961FC35C6B009969B1 /* Notifications.storyboard */,
			);
			path = NotificationsViewController;
			sourceTree = "<group>";
		};
		16E211981FC35DC5009969B1 /* RosterViewController */ = {
			isa = PBXGroup;
			children = (
				16E211991FC35DD7009969B1 /* RosterTableViewController.swift */,
				16E2119B1FC35DDF009969B1 /* Roster.storyboard */,
			);
			path = RosterViewController;
			sourceTree = "<group>";
		};
		16E2119D1FC35DE5009969B1 /* CalendarViewController */ = {
			isa = PBXGroup;
			children = (
				16E2119E1FC35DFB009969B1 /* CalendarViewController.swift */,
				16E211A01FC35E06009969B1 /* Calendar.storyboard */,
			);
			path = CalendarViewController;
			sourceTree = "<group>";
		};
		1FCB8BA79C196CB62C7A05A4 /* Frameworks */ = {
			isa = PBXGroup;
			children = (
				ED9A2CC9F02AA47F953461F6 /* Pods_SingWell.framework */,
				DD5B7BEEE8800BC4F7098CCD /* Pods_SingWellTests.framework */,
				56D8462546CB3640CFED1D64 /* Pods_SingWellUITests.framework */,
			);
			name = Frameworks;
			sourceTree = "<group>";
		};
		4D889C1DFD7AF5499E1B4903 /* Pods */ = {
			isa = PBXGroup;
			children = (
				7A89585724F70104CBA47295 /* Pods-SingWell.debug.xcconfig */,
				E2A8DF318F1B2398F5F35CF7 /* Pods-SingWell.release.xcconfig */,
				2CF3257DBA9274E82C0A0B81 /* Pods-SingWellTests.debug.xcconfig */,
				BAD46F51B65E4DD47A9291FB /* Pods-SingWellTests.release.xcconfig */,
				D53354B5C6F94981027EC9A6 /* Pods-SingWellUITests.debug.xcconfig */,
				091858B7E57F4BDBB305B7A9 /* Pods-SingWellUITests.release.xcconfig */,
			);
			name = Pods;
			sourceTree = "<group>";
		};
		521BCF2B1FB3A44A000662F7 /* ProfileViewController */ = {
			isa = PBXGroup;
			children = (
				521BCF2C1FB3A472000662F7 /* ProfileViewController.swift */,
				521BCF2E1FB3A48A000662F7 /* Profile.storyboard */,
				52218E161FB50C0400EC4DDA /* UIImageExtension.swift */,
			);
			path = ProfileViewController;
			sourceTree = "<group>";
		};
		525EF4B51FC3A49C00C8E822 /* EditProfileViewController */ = {
			isa = PBXGroup;
			children = (
				525EF4B61FC3A4BB00C8E822 /* EditProfileViewController.swift */,
				525EF4B81FC3A4C600C8E822 /* EditProfile.storyboard */,
			);
			path = EditProfileViewController;
			sourceTree = "<group>";
		};
/* End PBXGroup section */

/* Begin PBXNativeTarget section */
		162D98031FA65CD3006068BC /* SingWell */ = {
			isa = PBXNativeTarget;
			buildConfigurationList = 162D982C1FA65CD3006068BC /* Build configuration list for PBXNativeTarget "SingWell" */;
			buildPhases = (
				2733FCF255BCEB4BA8B0FB75 /* [CP] Check Pods Manifest.lock */,
				162D98001FA65CD3006068BC /* Sources */,
				162D98011FA65CD3006068BC /* Frameworks */,
				162D98021FA65CD3006068BC /* Resources */,
				1505FF534950B65B3BA82B4A /* [CP] Embed Pods Frameworks */,
				C09506E06B8649978445079F /* [CP] Copy Pods Resources */,
			);
			buildRules = (
			);
			dependencies = (
			);
			name = SingWell;
			productName = SingWell;
			productReference = 162D98041FA65CD3006068BC /* SingWell.app */;
			productType = "com.apple.product-type.application";
		};
		162D98171FA65CD3006068BC /* SingWellTests */ = {
			isa = PBXNativeTarget;
			buildConfigurationList = 162D982F1FA65CD3006068BC /* Build configuration list for PBXNativeTarget "SingWellTests" */;
			buildPhases = (
				81F003C0AD6CBCD4EF4BD9FC /* [CP] Check Pods Manifest.lock */,
				162D98141FA65CD3006068BC /* Sources */,
				162D98151FA65CD3006068BC /* Frameworks */,
				162D98161FA65CD3006068BC /* Resources */,
				38DA55C4037327E2798646CE /* [CP] Embed Pods Frameworks */,
				6D6D8DC59E825417F14AD33E /* [CP] Copy Pods Resources */,
			);
			buildRules = (
			);
			dependencies = (
				162D981A1FA65CD3006068BC /* PBXTargetDependency */,
			);
			name = SingWellTests;
			productName = SingWellTests;
			productReference = 162D98181FA65CD3006068BC /* SingWellTests.xctest */;
			productType = "com.apple.product-type.bundle.unit-test";
		};
		162D98221FA65CD3006068BC /* SingWellUITests */ = {
			isa = PBXNativeTarget;
			buildConfigurationList = 162D98321FA65CD3006068BC /* Build configuration list for PBXNativeTarget "SingWellUITests" */;
			buildPhases = (
				BC2D44AD15040DBF980CD1B4 /* [CP] Check Pods Manifest.lock */,
				162D981F1FA65CD3006068BC /* Sources */,
				162D98201FA65CD3006068BC /* Frameworks */,
				162D98211FA65CD3006068BC /* Resources */,
				827E0D5365F7C8E710D2622B /* [CP] Embed Pods Frameworks */,
				730FF12098043188E3A88BB7 /* [CP] Copy Pods Resources */,
			);
			buildRules = (
			);
			dependencies = (
				162D98251FA65CD3006068BC /* PBXTargetDependency */,
			);
			name = SingWellUITests;
			productName = SingWellUITests;
			productReference = 162D98231FA65CD3006068BC /* SingWellUITests.xctest */;
			productType = "com.apple.product-type.bundle.ui-testing";
		};
/* End PBXNativeTarget section */

/* Begin PBXProject section */
		162D97FC1FA65CD3006068BC /* Project object */ = {
			isa = PBXProject;
			attributes = {
				LastSwiftUpdateCheck = 0900;
				LastUpgradeCheck = 0900;
				ORGANIZATIONNAME = "Travis Siems";
				TargetAttributes = {
					162D98031FA65CD3006068BC = {
						CreatedOnToolsVersion = 9.0.1;
						ProvisioningStyle = Automatic;
					};
					162D98171FA65CD3006068BC = {
						CreatedOnToolsVersion = 9.0.1;
						ProvisioningStyle = Automatic;
						TestTargetID = 162D98031FA65CD3006068BC;
					};
					162D98221FA65CD3006068BC = {
						CreatedOnToolsVersion = 9.0.1;
						ProvisioningStyle = Automatic;
						TestTargetID = 162D98031FA65CD3006068BC;
					};
				};
			};
			buildConfigurationList = 162D97FF1FA65CD3006068BC /* Build configuration list for PBXProject "SingWell" */;
			compatibilityVersion = "Xcode 8.0";
			developmentRegion = en;
			hasScannedForEncodings = 0;
			knownRegions = (
				en,
				Base,
			);
			mainGroup = 162D97FB1FA65CD3006068BC;
			productRefGroup = 162D98051FA65CD3006068BC /* Products */;
			projectDirPath = "";
			projectRoot = "";
			targets = (
				162D98031FA65CD3006068BC /* SingWell */,
				162D98171FA65CD3006068BC /* SingWellTests */,
				162D98221FA65CD3006068BC /* SingWellUITests */,
			);
		};
/* End PBXProject section */

/* Begin PBXResourcesBuildPhase section */
		162D98021FA65CD3006068BC /* Resources */ = {
			isa = PBXResourcesBuildPhase;
			buildActionMask = 2147483647;
			files = (
				16E211A11FC35E06009969B1 /* Calendar.storyboard in Resources */,
				1652FDB51FB5041600D921EB /* SideMenu.storyboard in Resources */,
				1652FDAF1FB5018000D921EB /* Choir.storyboard in Resources */,
				162D98121FA65CD3006068BC /* LaunchScreen.storyboard in Resources */,
				16E211971FC35C6B009969B1 /* Notifications.storyboard in Resources */,
				521BCF2F1FB3A48A000662F7 /* Profile.storyboard in Resources */,
				525EF4B91FC3A4C600C8E822 /* EditProfile.storyboard in Resources */,
				162D980F1FA65CD3006068BC /* Assets.xcassets in Resources */,
				16E2119C1FC35DDF009969B1 /* Roster.storyboard in Resources */,
			);
			runOnlyForDeploymentPostprocessing = 0;
		};
		162D98161FA65CD3006068BC /* Resources */ = {
			isa = PBXResourcesBuildPhase;
			buildActionMask = 2147483647;
			files = (
			);
			runOnlyForDeploymentPostprocessing = 0;
		};
		162D98211FA65CD3006068BC /* Resources */ = {
			isa = PBXResourcesBuildPhase;
			buildActionMask = 2147483647;
			files = (
			);
			runOnlyForDeploymentPostprocessing = 0;
		};
/* End PBXResourcesBuildPhase section */

/* Begin PBXShellScriptBuildPhase section */
		1505FF534950B65B3BA82B4A /* [CP] Embed Pods Frameworks */ = {
			isa = PBXShellScriptBuildPhase;
			buildActionMask = 2147483647;
			files = (
			);
			inputPaths = (
				"${SRCROOT}/Pods/Target Support Files/Pods-SingWell/Pods-SingWell-frameworks.sh",
				"${BUILT_PRODUCTS_DIR}/Alamofire/Alamofire.framework",
				"${BUILT_PRODUCTS_DIR}/IBAnimatable/IBAnimatable.framework",
				"${BUILT_PRODUCTS_DIR}/InteractiveSideMenu/InteractiveSideMenu.framework",
				"${BUILT_PRODUCTS_DIR}/IoniconsKit/IoniconsKit.framework",
				"${BUILT_PRODUCTS_DIR}/PDFReader/PDFReader.framework",
				"${BUILT_PRODUCTS_DIR}/SwiftyJSON/SwiftyJSON.framework",
			);
			name = "[CP] Embed Pods Frameworks";
			outputPaths = (
				"${TARGET_BUILD_DIR}/${FRAMEWORKS_FOLDER_PATH}/Alamofire.framework",
				"${TARGET_BUILD_DIR}/${FRAMEWORKS_FOLDER_PATH}/IBAnimatable.framework",
				"${TARGET_BUILD_DIR}/${FRAMEWORKS_FOLDER_PATH}/InteractiveSideMenu.framework",
				"${TARGET_BUILD_DIR}/${FRAMEWORKS_FOLDER_PATH}/IoniconsKit.framework",
				"${TARGET_BUILD_DIR}/${FRAMEWORKS_FOLDER_PATH}/PDFReader.framework",
				"${TARGET_BUILD_DIR}/${FRAMEWORKS_FOLDER_PATH}/SwiftyJSON.framework",
			);
			runOnlyForDeploymentPostprocessing = 0;
			shellPath = /bin/sh;
			shellScript = "\"${SRCROOT}/Pods/Target Support Files/Pods-SingWell/Pods-SingWell-frameworks.sh\"\n";
			showEnvVarsInLog = 0;
		};
		2733FCF255BCEB4BA8B0FB75 /* [CP] Check Pods Manifest.lock */ = {
			isa = PBXShellScriptBuildPhase;
			buildActionMask = 2147483647;
			files = (
			);
			inputPaths = (
				"${PODS_PODFILE_DIR_PATH}/Podfile.lock",
				"${PODS_ROOT}/Manifest.lock",
			);
			name = "[CP] Check Pods Manifest.lock";
			outputPaths = (
				"$(DERIVED_FILE_DIR)/Pods-SingWell-checkManifestLockResult.txt",
			);
			runOnlyForDeploymentPostprocessing = 0;
			shellPath = /bin/sh;
			shellScript = "diff \"${PODS_PODFILE_DIR_PATH}/Podfile.lock\" \"${PODS_ROOT}/Manifest.lock\" > /dev/null\nif [ $? != 0 ] ; then\n    # print error to STDERR\n    echo \"error: The sandbox is not in sync with the Podfile.lock. Run 'pod install' or update your CocoaPods installation.\" >&2\n    exit 1\nfi\n# This output is used by Xcode 'outputs' to avoid re-running this script phase.\necho \"SUCCESS\" > \"${SCRIPT_OUTPUT_FILE_0}\"\n";
			showEnvVarsInLog = 0;
		};
		38DA55C4037327E2798646CE /* [CP] Embed Pods Frameworks */ = {
			isa = PBXShellScriptBuildPhase;
			buildActionMask = 2147483647;
			files = (
			);
			inputPaths = (
			);
			name = "[CP] Embed Pods Frameworks";
			outputPaths = (
			);
			runOnlyForDeploymentPostprocessing = 0;
			shellPath = /bin/sh;
			shellScript = "\"${SRCROOT}/Pods/Target Support Files/Pods-SingWellTests/Pods-SingWellTests-frameworks.sh\"\n";
			showEnvVarsInLog = 0;
		};
		6D6D8DC59E825417F14AD33E /* [CP] Copy Pods Resources */ = {
			isa = PBXShellScriptBuildPhase;
			buildActionMask = 2147483647;
			files = (
			);
			inputPaths = (
			);
			name = "[CP] Copy Pods Resources";
			outputPaths = (
			);
			runOnlyForDeploymentPostprocessing = 0;
			shellPath = /bin/sh;
			shellScript = "\"${SRCROOT}/Pods/Target Support Files/Pods-SingWellTests/Pods-SingWellTests-resources.sh\"\n";
			showEnvVarsInLog = 0;
		};
		730FF12098043188E3A88BB7 /* [CP] Copy Pods Resources */ = {
			isa = PBXShellScriptBuildPhase;
			buildActionMask = 2147483647;
			files = (
			);
			inputPaths = (
			);
			name = "[CP] Copy Pods Resources";
			outputPaths = (
			);
			runOnlyForDeploymentPostprocessing = 0;
			shellPath = /bin/sh;
			shellScript = "\"${SRCROOT}/Pods/Target Support Files/Pods-SingWellUITests/Pods-SingWellUITests-resources.sh\"\n";
			showEnvVarsInLog = 0;
		};
		81F003C0AD6CBCD4EF4BD9FC /* [CP] Check Pods Manifest.lock */ = {
			isa = PBXShellScriptBuildPhase;
			buildActionMask = 2147483647;
			files = (
			);
			inputPaths = (
				"${PODS_PODFILE_DIR_PATH}/Podfile.lock",
				"${PODS_ROOT}/Manifest.lock",
			);
			name = "[CP] Check Pods Manifest.lock";
			outputPaths = (
				"$(DERIVED_FILE_DIR)/Pods-SingWellTests-checkManifestLockResult.txt",
			);
			runOnlyForDeploymentPostprocessing = 0;
			shellPath = /bin/sh;
			shellScript = "diff \"${PODS_PODFILE_DIR_PATH}/Podfile.lock\" \"${PODS_ROOT}/Manifest.lock\" > /dev/null\nif [ $? != 0 ] ; then\n    # print error to STDERR\n    echo \"error: The sandbox is not in sync with the Podfile.lock. Run 'pod install' or update your CocoaPods installation.\" >&2\n    exit 1\nfi\n# This output is used by Xcode 'outputs' to avoid re-running this script phase.\necho \"SUCCESS\" > \"${SCRIPT_OUTPUT_FILE_0}\"\n";
			showEnvVarsInLog = 0;
		};
		827E0D5365F7C8E710D2622B /* [CP] Embed Pods Frameworks */ = {
			isa = PBXShellScriptBuildPhase;
			buildActionMask = 2147483647;
			files = (
			);
			inputPaths = (
			);
			name = "[CP] Embed Pods Frameworks";
			outputPaths = (
			);
			runOnlyForDeploymentPostprocessing = 0;
			shellPath = /bin/sh;
			shellScript = "\"${SRCROOT}/Pods/Target Support Files/Pods-SingWellUITests/Pods-SingWellUITests-frameworks.sh\"\n";
			showEnvVarsInLog = 0;
		};
		BC2D44AD15040DBF980CD1B4 /* [CP] Check Pods Manifest.lock */ = {
			isa = PBXShellScriptBuildPhase;
			buildActionMask = 2147483647;
			files = (
			);
			inputPaths = (
				"${PODS_PODFILE_DIR_PATH}/Podfile.lock",
				"${PODS_ROOT}/Manifest.lock",
			);
			name = "[CP] Check Pods Manifest.lock";
			outputPaths = (
				"$(DERIVED_FILE_DIR)/Pods-SingWellUITests-checkManifestLockResult.txt",
			);
			runOnlyForDeploymentPostprocessing = 0;
			shellPath = /bin/sh;
			shellScript = "diff \"${PODS_PODFILE_DIR_PATH}/Podfile.lock\" \"${PODS_ROOT}/Manifest.lock\" > /dev/null\nif [ $? != 0 ] ; then\n    # print error to STDERR\n    echo \"error: The sandbox is not in sync with the Podfile.lock. Run 'pod install' or update your CocoaPods installation.\" >&2\n    exit 1\nfi\n# This output is used by Xcode 'outputs' to avoid re-running this script phase.\necho \"SUCCESS\" > \"${SCRIPT_OUTPUT_FILE_0}\"\n";
			showEnvVarsInLog = 0;
		};
		C09506E06B8649978445079F /* [CP] Copy Pods Resources */ = {
			isa = PBXShellScriptBuildPhase;
			buildActionMask = 2147483647;
			files = (
			);
			inputPaths = (
			);
			name = "[CP] Copy Pods Resources";
			outputPaths = (
			);
			runOnlyForDeploymentPostprocessing = 0;
			shellPath = /bin/sh;
			shellScript = "\"${SRCROOT}/Pods/Target Support Files/Pods-SingWell/Pods-SingWell-resources.sh\"\n";
			showEnvVarsInLog = 0;
		};
/* End PBXShellScriptBuildPhase section */

/* Begin PBXSourcesBuildPhase section */
		162D98001FA65CD3006068BC /* Sources */ = {
			isa = PBXSourcesBuildPhase;
			buildActionMask = 2147483647;
			files = (
				525EF4B71FC3A4BB00C8E822 /* EditProfileViewController.swift in Sources */,
				16E2119F1FC35DFB009969B1 /* CalendarViewController.swift in Sources */,
				16D2CFA21FBE424300FDFF4D /* ChoirNameTableViewCell.swift in Sources */,
				521BCF2D1FB3A472000662F7 /* ProfileViewController.swift in Sources */,
				162D98371FA65D09006068BC /* Extensions.swift in Sources */,
				52218E171FB50C0400EC4DDA /* UIImageExtension.swift in Sources */,
				16D2CFA01FBE423500FDFF4D /* ProfileTableViewCell.swift in Sources */,
				1652FDB11FB502D200D921EB /* HostViewController.swift in Sources */,
				16E211951FC35C5F009969B1 /* NotificationsTableViewController.swift in Sources */,
				16E211921FC35122009969B1 /* ChoirInfoTableViewCell.swift in Sources */,
				162D98081FA65CD3006068BC /* AppDelegate.swift in Sources */,
				1652FDB31FB5039400D921EB /* NavigationMenuViewController.swift in Sources */,
				16256EE51FBB827A00992B02 /* ChoirResourceInfoTableViewCell.swift in Sources */,
				16E2119A1FC35DD7009969B1 /* RosterTableViewController.swift in Sources */,
				1617DF941FB39EEB0094C474 /* ApiHelper.swift in Sources */,
				1652FDAD1FB5016F00D921EB /* ChoirTableViewController.swift in Sources */,
			);
			runOnlyForDeploymentPostprocessing = 0;
		};
		162D98141FA65CD3006068BC /* Sources */ = {
			isa = PBXSourcesBuildPhase;
			buildActionMask = 2147483647;
			files = (
				162D981D1FA65CD3006068BC /* SingWellTests.swift in Sources */,
			);
			runOnlyForDeploymentPostprocessing = 0;
		};
		162D981F1FA65CD3006068BC /* Sources */ = {
			isa = PBXSourcesBuildPhase;
			buildActionMask = 2147483647;
			files = (
				162D98281FA65CD3006068BC /* SingWellUITests.swift in Sources */,
			);
			runOnlyForDeploymentPostprocessing = 0;
		};
/* End PBXSourcesBuildPhase section */

/* Begin PBXTargetDependency section */
		162D981A1FA65CD3006068BC /* PBXTargetDependency */ = {
			isa = PBXTargetDependency;
			target = 162D98031FA65CD3006068BC /* SingWell */;
			targetProxy = 162D98191FA65CD3006068BC /* PBXContainerItemProxy */;
		};
		162D98251FA65CD3006068BC /* PBXTargetDependency */ = {
			isa = PBXTargetDependency;
			target = 162D98031FA65CD3006068BC /* SingWell */;
			targetProxy = 162D98241FA65CD3006068BC /* PBXContainerItemProxy */;
		};
/* End PBXTargetDependency section */

/* Begin PBXVariantGroup section */
		162D98101FA65CD3006068BC /* LaunchScreen.storyboard */ = {
			isa = PBXVariantGroup;
			children = (
				162D98111FA65CD3006068BC /* Base */,
			);
			name = LaunchScreen.storyboard;
			sourceTree = "<group>";
		};
/* End PBXVariantGroup section */

/* Begin XCBuildConfiguration section */
		162D982A1FA65CD3006068BC /* Debug */ = {
			isa = XCBuildConfiguration;
			buildSettings = {
				ALWAYS_SEARCH_USER_PATHS = NO;
				CLANG_ANALYZER_NONNULL = YES;
				CLANG_ANALYZER_NUMBER_OBJECT_CONVERSION = YES_AGGRESSIVE;
				CLANG_CXX_LANGUAGE_STANDARD = "gnu++14";
				CLANG_CXX_LIBRARY = "libc++";
				CLANG_ENABLE_MODULES = YES;
				CLANG_ENABLE_OBJC_ARC = YES;
				CLANG_WARN_BLOCK_CAPTURE_AUTORELEASING = YES;
				CLANG_WARN_BOOL_CONVERSION = YES;
				CLANG_WARN_COMMA = YES;
				CLANG_WARN_CONSTANT_CONVERSION = YES;
				CLANG_WARN_DIRECT_OBJC_ISA_USAGE = YES_ERROR;
				CLANG_WARN_DOCUMENTATION_COMMENTS = YES;
				CLANG_WARN_EMPTY_BODY = YES;
				CLANG_WARN_ENUM_CONVERSION = YES;
				CLANG_WARN_INFINITE_RECURSION = YES;
				CLANG_WARN_INT_CONVERSION = YES;
				CLANG_WARN_NON_LITERAL_NULL_CONVERSION = YES;
				CLANG_WARN_OBJC_LITERAL_CONVERSION = YES;
				CLANG_WARN_OBJC_ROOT_CLASS = YES_ERROR;
				CLANG_WARN_RANGE_LOOP_ANALYSIS = YES;
				CLANG_WARN_STRICT_PROTOTYPES = YES;
				CLANG_WARN_SUSPICIOUS_MOVE = YES;
				CLANG_WARN_UNGUARDED_AVAILABILITY = YES_AGGRESSIVE;
				CLANG_WARN_UNREACHABLE_CODE = YES;
				CLANG_WARN__DUPLICATE_METHOD_MATCH = YES;
				CODE_SIGN_IDENTITY = "iPhone Developer";
				COPY_PHASE_STRIP = NO;
				DEBUG_INFORMATION_FORMAT = dwarf;
				ENABLE_STRICT_OBJC_MSGSEND = YES;
				ENABLE_TESTABILITY = YES;
				GCC_C_LANGUAGE_STANDARD = gnu11;
				GCC_DYNAMIC_NO_PIC = NO;
				GCC_NO_COMMON_BLOCKS = YES;
				GCC_OPTIMIZATION_LEVEL = 0;
				GCC_PREPROCESSOR_DEFINITIONS = (
					"DEBUG=1",
					"$(inherited)",
				);
				GCC_WARN_64_TO_32_BIT_CONVERSION = YES;
				GCC_WARN_ABOUT_RETURN_TYPE = YES_ERROR;
				GCC_WARN_UNDECLARED_SELECTOR = YES;
				GCC_WARN_UNINITIALIZED_AUTOS = YES_AGGRESSIVE;
				GCC_WARN_UNUSED_FUNCTION = YES;
				GCC_WARN_UNUSED_VARIABLE = YES;
				IPHONEOS_DEPLOYMENT_TARGET = 11.0;
				MTL_ENABLE_DEBUG_INFO = YES;
				ONLY_ACTIVE_ARCH = YES;
				SDKROOT = iphoneos;
				SWIFT_ACTIVE_COMPILATION_CONDITIONS = DEBUG;
				SWIFT_OPTIMIZATION_LEVEL = "-Onone";
			};
			name = Debug;
		};
		162D982B1FA65CD3006068BC /* Release */ = {
			isa = XCBuildConfiguration;
			buildSettings = {
				ALWAYS_SEARCH_USER_PATHS = NO;
				CLANG_ANALYZER_NONNULL = YES;
				CLANG_ANALYZER_NUMBER_OBJECT_CONVERSION = YES_AGGRESSIVE;
				CLANG_CXX_LANGUAGE_STANDARD = "gnu++14";
				CLANG_CXX_LIBRARY = "libc++";
				CLANG_ENABLE_MODULES = YES;
				CLANG_ENABLE_OBJC_ARC = YES;
				CLANG_WARN_BLOCK_CAPTURE_AUTORELEASING = YES;
				CLANG_WARN_BOOL_CONVERSION = YES;
				CLANG_WARN_COMMA = YES;
				CLANG_WARN_CONSTANT_CONVERSION = YES;
				CLANG_WARN_DIRECT_OBJC_ISA_USAGE = YES_ERROR;
				CLANG_WARN_DOCUMENTATION_COMMENTS = YES;
				CLANG_WARN_EMPTY_BODY = YES;
				CLANG_WARN_ENUM_CONVERSION = YES;
				CLANG_WARN_INFINITE_RECURSION = YES;
				CLANG_WARN_INT_CONVERSION = YES;
				CLANG_WARN_NON_LITERAL_NULL_CONVERSION = YES;
				CLANG_WARN_OBJC_LITERAL_CONVERSION = YES;
				CLANG_WARN_OBJC_ROOT_CLASS = YES_ERROR;
				CLANG_WARN_RANGE_LOOP_ANALYSIS = YES;
				CLANG_WARN_STRICT_PROTOTYPES = YES;
				CLANG_WARN_SUSPICIOUS_MOVE = YES;
				CLANG_WARN_UNGUARDED_AVAILABILITY = YES_AGGRESSIVE;
				CLANG_WARN_UNREACHABLE_CODE = YES;
				CLANG_WARN__DUPLICATE_METHOD_MATCH = YES;
				CODE_SIGN_IDENTITY = "iPhone Developer";
				COPY_PHASE_STRIP = NO;
				DEBUG_INFORMATION_FORMAT = "dwarf-with-dsym";
				ENABLE_NS_ASSERTIONS = NO;
				ENABLE_STRICT_OBJC_MSGSEND = YES;
				GCC_C_LANGUAGE_STANDARD = gnu11;
				GCC_NO_COMMON_BLOCKS = YES;
				GCC_WARN_64_TO_32_BIT_CONVERSION = YES;
				GCC_WARN_ABOUT_RETURN_TYPE = YES_ERROR;
				GCC_WARN_UNDECLARED_SELECTOR = YES;
				GCC_WARN_UNINITIALIZED_AUTOS = YES_AGGRESSIVE;
				GCC_WARN_UNUSED_FUNCTION = YES;
				GCC_WARN_UNUSED_VARIABLE = YES;
				IPHONEOS_DEPLOYMENT_TARGET = 11.0;
				MTL_ENABLE_DEBUG_INFO = NO;
				SDKROOT = iphoneos;
				SWIFT_OPTIMIZATION_LEVEL = "-Owholemodule";
				VALIDATE_PRODUCT = YES;
			};
			name = Release;
		};
		162D982D1FA65CD3006068BC /* Debug */ = {
			isa = XCBuildConfiguration;
			baseConfigurationReference = 7A89585724F70104CBA47295 /* Pods-SingWell.debug.xcconfig */;
			buildSettings = {
				ASSETCATALOG_COMPILER_APPICON_NAME = AppIcon;
				CODE_SIGN_STYLE = Automatic;
				DEVELOPMENT_TEAM = 59272Q867S;
				INFOPLIST_FILE = SingWell/Info.plist;
				LD_RUNPATH_SEARCH_PATHS = "$(inherited) @executable_path/Frameworks";
				PRODUCT_BUNDLE_IDENTIFIER = com.appcoda.tsiems.SingWell;
				PRODUCT_NAME = "$(TARGET_NAME)";
				SWIFT_VERSION = 4.0;
				TARGETED_DEVICE_FAMILY = "1,2";
			};
			name = Debug;
		};
		162D982E1FA65CD3006068BC /* Release */ = {
			isa = XCBuildConfiguration;
			baseConfigurationReference = E2A8DF318F1B2398F5F35CF7 /* Pods-SingWell.release.xcconfig */;
			buildSettings = {
				ASSETCATALOG_COMPILER_APPICON_NAME = AppIcon;
				CODE_SIGN_STYLE = Automatic;
				DEVELOPMENT_TEAM = 59272Q867S;
				INFOPLIST_FILE = SingWell/Info.plist;
				LD_RUNPATH_SEARCH_PATHS = "$(inherited) @executable_path/Frameworks";
				PRODUCT_BUNDLE_IDENTIFIER = com.appcoda.tsiems.SingWell;
				PRODUCT_NAME = "$(TARGET_NAME)";
				SWIFT_VERSION = 4.0;
				TARGETED_DEVICE_FAMILY = "1,2";
			};
			name = Release;
		};
		162D98301FA65CD3006068BC /* Debug */ = {
			isa = XCBuildConfiguration;
			baseConfigurationReference = 2CF3257DBA9274E82C0A0B81 /* Pods-SingWellTests.debug.xcconfig */;
			buildSettings = {
				ALWAYS_EMBED_SWIFT_STANDARD_LIBRARIES = YES;
				BUNDLE_LOADER = "$(TEST_HOST)";
				CODE_SIGN_STYLE = Automatic;
				DEVELOPMENT_TEAM = 788J8M5NBX;
				INFOPLIST_FILE = SingWellTests/Info.plist;
				LD_RUNPATH_SEARCH_PATHS = "$(inherited) @executable_path/Frameworks @loader_path/Frameworks";
				PRODUCT_BUNDLE_IDENTIFIER = com.appcoda.tsiems.SingWellTests;
				PRODUCT_NAME = "$(TARGET_NAME)";
				SWIFT_VERSION = 4.0;
				TARGETED_DEVICE_FAMILY = "1,2";
				TEST_HOST = "$(BUILT_PRODUCTS_DIR)/SingWell.app/SingWell";
			};
			name = Debug;
		};
		162D98311FA65CD3006068BC /* Release */ = {
			isa = XCBuildConfiguration;
			baseConfigurationReference = BAD46F51B65E4DD47A9291FB /* Pods-SingWellTests.release.xcconfig */;
			buildSettings = {
				ALWAYS_EMBED_SWIFT_STANDARD_LIBRARIES = YES;
				BUNDLE_LOADER = "$(TEST_HOST)";
				CODE_SIGN_STYLE = Automatic;
				DEVELOPMENT_TEAM = 788J8M5NBX;
				INFOPLIST_FILE = SingWellTests/Info.plist;
				LD_RUNPATH_SEARCH_PATHS = "$(inherited) @executable_path/Frameworks @loader_path/Frameworks";
				PRODUCT_BUNDLE_IDENTIFIER = com.appcoda.tsiems.SingWellTests;
				PRODUCT_NAME = "$(TARGET_NAME)";
				SWIFT_VERSION = 4.0;
				TARGETED_DEVICE_FAMILY = "1,2";
				TEST_HOST = "$(BUILT_PRODUCTS_DIR)/SingWell.app/SingWell";
			};
			name = Release;
		};
		162D98331FA65CD3006068BC /* Debug */ = {
			isa = XCBuildConfiguration;
			baseConfigurationReference = D53354B5C6F94981027EC9A6 /* Pods-SingWellUITests.debug.xcconfig */;
			buildSettings = {
				ALWAYS_EMBED_SWIFT_STANDARD_LIBRARIES = YES;
				CODE_SIGN_STYLE = Automatic;
				DEVELOPMENT_TEAM = 788J8M5NBX;
				INFOPLIST_FILE = SingWellUITests/Info.plist;
				LD_RUNPATH_SEARCH_PATHS = "$(inherited) @executable_path/Frameworks @loader_path/Frameworks";
				PRODUCT_BUNDLE_IDENTIFIER = com.appcoda.tsiems.SingWellUITests;
				PRODUCT_NAME = "$(TARGET_NAME)";
				SWIFT_VERSION = 4.0;
				TARGETED_DEVICE_FAMILY = "1,2";
				TEST_TARGET_NAME = SingWell;
			};
			name = Debug;
		};
		162D98341FA65CD3006068BC /* Release */ = {
			isa = XCBuildConfiguration;
			baseConfigurationReference = 091858B7E57F4BDBB305B7A9 /* Pods-SingWellUITests.release.xcconfig */;
			buildSettings = {
				ALWAYS_EMBED_SWIFT_STANDARD_LIBRARIES = YES;
				CODE_SIGN_STYLE = Automatic;
				DEVELOPMENT_TEAM = 788J8M5NBX;
				INFOPLIST_FILE = SingWellUITests/Info.plist;
				LD_RUNPATH_SEARCH_PATHS = "$(inherited) @executable_path/Frameworks @loader_path/Frameworks";
				PRODUCT_BUNDLE_IDENTIFIER = com.appcoda.tsiems.SingWellUITests;
				PRODUCT_NAME = "$(TARGET_NAME)";
				SWIFT_VERSION = 4.0;
				TARGETED_DEVICE_FAMILY = "1,2";
				TEST_TARGET_NAME = SingWell;
			};
			name = Release;
		};
/* End XCBuildConfiguration section */

/* Begin XCConfigurationList section */
		162D97FF1FA65CD3006068BC /* Build configuration list for PBXProject "SingWell" */ = {
			isa = XCConfigurationList;
			buildConfigurations = (
				162D982A1FA65CD3006068BC /* Debug */,
				162D982B1FA65CD3006068BC /* Release */,
			);
			defaultConfigurationIsVisible = 0;
			defaultConfigurationName = Release;
		};
		162D982C1FA65CD3006068BC /* Build configuration list for PBXNativeTarget "SingWell" */ = {
			isa = XCConfigurationList;
			buildConfigurations = (
				162D982D1FA65CD3006068BC /* Debug */,
				162D982E1FA65CD3006068BC /* Release */,
			);
			defaultConfigurationIsVisible = 0;
			defaultConfigurationName = Release;
		};
		162D982F1FA65CD3006068BC /* Build configuration list for PBXNativeTarget "SingWellTests" */ = {
			isa = XCConfigurationList;
			buildConfigurations = (
				162D98301FA65CD3006068BC /* Debug */,
				162D98311FA65CD3006068BC /* Release */,
			);
			defaultConfigurationIsVisible = 0;
			defaultConfigurationName = Release;
		};
		162D98321FA65CD3006068BC /* Build configuration list for PBXNativeTarget "SingWellUITests" */ = {
			isa = XCConfigurationList;
			buildConfigurations = (
				162D98331FA65CD3006068BC /* Debug */,
				162D98341FA65CD3006068BC /* Release */,
			);
			defaultConfigurationIsVisible = 0;
			defaultConfigurationName = Release;
		};
/* End XCConfigurationList section */
	};
	rootObject = 162D97FC1FA65CD3006068BC /* Project object */;
}
